
Microsoft Visual Studio Solution File, Format Version 12.00
# Visual Studio Version 16
VisualStudioVersion = 16.0.32228.343
MinimumVisualStudioVersion = 10.0.40219.1
Project("{9A19103F-16F7-4668-BE54-9A1E7A4F7556}") = "CurrencyConverterWeb", "CurrencyConverterWeb\CurrencyConverterWeb.csproj", "{23B09218-CE1F-47DF-9F9A-212D554057A2}"
EndProject
Project("{9A19103F-16F7-4668-BE54-9A1E7A4F7556}") = "CurrencyConverter.Service", "CurrencyConverter.Service\CurrencyConverter.Service.csproj", "{18FF35C7-D0A5-4B42-844D-A8E3BDAFCBFF}"
EndProject
Project("{9A19103F-16F7-4668-BE54-9A1E7A4F7556}") = "CurrencyConverter.Contract", "CurrencyConverter.Contract\CurrencyConverter.Contract.csproj", "{82EC30E2-4AAB-4ADE-BF10-977C0F1E2546}"
EndProject
Project("{FAE04EC0-301F-11D3-BF4B-00C04F79EFBC}") = "CurrencyConverter.DomainService", "CurrencyConverter.DomainService\CurrencyConverter.DomainService.csproj", "{DAD2D65D-8123-401D-84E9-5BE1148149FB}"
EndProject
Global
	GlobalSection(SolutionConfigurationPlatforms) = preSolution
		Debug|Any CPU = Debug|Any CPU
		Release|Any CPU = Release|Any CPU
	EndGlobalSection
	GlobalSection(ProjectConfigurationPlatforms) = postSolution
		{23B09218-CE1F-47DF-9F9A-212D554057A2}.Debug|Any CPU.ActiveCfg = Debug|Any CPU
		{23B09218-CE1F-47DF-9F9A-212D554057A2}.Debug|Any CPU.Build.0 = Debug|Any CPU
		{23B09218-CE1F-47DF-9F9A-212D554057A2}.Release|Any CPU.ActiveCfg = Release|Any CPU
		{23B09218-CE1F-47DF-9F9A-212D554057A2}.Release|Any CPU.Build.0 = Release|Any CPU
		{18FF35C7-D0A5-4B42-844D-A8E3BDAFCBFF}.Debug|Any CPU.ActiveCfg = Debug|Any CPU
		{18FF35C7-D0A5-4B42-844D-A8E3BDAFCBFF}.Debug|Any CPU.Build.0 = Debug|Any CPU
		{18FF35C7-D0A5-4B42-844D-A8E3BDAFCBFF}.Release|Any CPU.ActiveCfg = Release|Any CPU
		{18FF35C7-D0A5-4B42-844D-A8E3BDAFCBFF}.Release|Any CPU.Build.0 = Release|Any CPU
		{82EC30E2-4AAB-4ADE-BF10-977C0F1E2546}.Debug|Any CPU.ActiveCfg = Debug|Any CPU
		{82EC30E2-4AAB-4ADE-BF10-977C0F1E2546}.Debug|Any CPU.Build.0 = Debug|Any CPU
		{82EC30E2-4AAB-4ADE-BF10-977C0F1E2546}.Release|Any CPU.ActiveCfg = Release|Any CPU
		{82EC30E2-4AAB-4ADE-BF10-977C0F1E2546}.Release|Any CPU.Build.0 = Release|Any CPU
		{DAD2D65D-8123-401D-84E9-5BE1148149FB}.Debug|Any CPU.ActiveCfg = Debug|Any CPU
		{DAD2D65D-8123-401D-84E9-5BE1148149FB}.Debug|Any CPU.Build.0 = Debug|Any CPU
		{DAD2D65D-8123-401D-84E9-5BE1148149FB}.Release|Any CPU.ActiveCfg = Release|Any CPU
		{DAD2D65D-8123-401D-84E9-5BE1148149FB}.Release|Any CPU.Build.0 = Release|Any CPU
	EndGlobalSection
	GlobalSection(SolutionProperties) = preSolution
		HideSolutionNode = FALSE
	EndGlobalSection
	GlobalSection(ExtensibilityGlobals) = postSolution
		SolutionGuid = {E792D8E9-4C7D-4E9A-B6F4-FFBEA5455E87}
	EndGlobalSection
EndGlobal
